
Microsoft Visual Studio Solution File, Format Version 12.00
# Visual Studio Version 16
VisualStudioVersion = 16.0.32002.261
MinimumVisualStudioVersion = 10.0.40219.1
Project("{FAE04EC0-301F-11D3-BF4B-00C04F79EFBC}") = "SuperNewRoles", "SuperNewRoles\SuperNewRoles.csproj", "{E45EF77F-0757-4E24-8992-97CEA5E17313}"
EndProject
Global
	GlobalSection(SolutionConfigurationPlatforms) = preSolution
		Debug|Any CPU = Debug|Any CPU
		Release|Any CPU = Release|Any CPU
	EndGlobalSection
	GlobalSection(ProjectConfigurationPlatforms) = postSolution
		{E45EF77F-0757-4E24-8992-97CEA5E17313}.Debug|Any CPU.ActiveCfg = Debug|Any CPU
		{E45EF77F-0757-4E24-8992-97CEA5E17313}.Debug|Any CPU.Build.0 = Debug|Any CPU
		{E45EF77F-0757-4E24-8992-97CEA5E17313}.Release|Any CPU.ActiveCfg = Release|Any CPU
		{E45EF77F-0757-4E24-8992-97CEA5E17313}.Release|Any CPU.Build.0 = Release|Any CPU
	EndGlobalSection
	GlobalSection(SolutionProperties) = preSolution
		HideSolutionNode = FALSE
	EndGlobalSection
	GlobalSection(ExtensibilityGlobals) = postSolution
		SolutionGuid = {3AF5FBB5-94AF-462C-8480-74D61723ABB9}
	EndGlobalSection
EndGlobal
