{
  "version": 1,
  "dependencies": {
    ".NETStandard,Version=v2.1": {
      "BepInEx.AutoPlugin": {
        "type": "Direct",
        "requested": "[1.0.1, )",
        "resolved": "1.0.1",
        "contentHash": "G4YpTHG9rtkDJof+ld7Er4E+sCOlgsjG4bJ1itx1ub7dgff6qqHLy9ksX1ehgO0AdBOPVyVl/GKJg9o7iNl8HA=="
      },
      "GitInfo": {
        "type": "Direct",
        "requested": "[2.0.20, )",
        "resolved": "2.0.20",
        "contentHash": "mCzyI02VtCPy/O/GGa7y9iiCVRkwklU6hhyjbDPF1nPM8+sIjLe84iZA5jRKZzhu0u5kLC0SMvPQztcr/I28DQ=="
      }
    }
  }
}