{
  "version": 1,
  "dependencies": {
    ".NETStandard,Version=v2.1": {
      "BepInEx.AutoPlugin": {
        "type": "Direct",
        "requested": "[1.0.1, )",
        "resolved": "1.0.1",
        "contentHash": "G4YpTHG9rtkDJof+ld7Er4E+sCOlgsjG4bJ1itx1ub7dgff6qqHLy9ksX1ehgO0AdBOPVyVl/GKJg9o7iNl8HA=="
      },
      "GitInfo": {
        "type": "Direct",
        "requested": "[2.3.0, )",
        "resolved": "2.3.0",
        "contentHash": "LdnsKNdwQvdDvpPYQuoGjXML75dY7NybKRe+qlkPPQaTY4dE5Fy8VCrD8YBhXO0fH/5xnmvKeSq4yztzg5KY0Q=="
      }
    }
  }
}