{
  "version": 1,
  "dependencies": {
    "net6.0": {
      "BepInEx.AutoPlugin": {
        "type": "Direct",
        "requested": "[1.0.1, )",
        "resolved": "1.0.1",
        "contentHash": "G4YpTHG9rtkDJof+ld7Er4E+sCOlgsjG4bJ1itx1ub7dgff6qqHLy9ksX1ehgO0AdBOPVyVl/GKJg9o7iNl8HA=="
      },
      "GitInfo": {
        "type": "Direct",
        "requested": "[2.0.20, )",
        "resolved": "2.0.20",
        "contentHash": "mCzyI02VtCPy/O/GGa7y9iiCVRkwklU6hhyjbDPF1nPM8+sIjLe84iZA5jRKZzhu0u5kLC0SMvPQztcr/I28DQ=="
      },
      "HashDepot": {
        "type": "Direct",
        "requested": "[3.1.0, )",
        "resolved": "3.1.0",
        "contentHash": "F8LFywrmvtct3TB8JXNQ4Uhzx0m3me5yAievRwBIiO09SwL7qiV2A+mOxMB21QAAP7lwsW/V2xkBStzEnMGtJw==",
        "dependencies": {
          "System.Memory": "4.5.5",
          "System.Runtime": "4.3.1"
        }
      },
      "NVorbis": {
        "type": "Direct",
        "requested": "[0.10.5, )",
        "resolved": "0.10.5",
        "contentHash": "o+IptCG4Avze39HrGeztC+xIp6fOOwGVAwkoa1J++4Ji1WmZ+KIKlFl5wsgxsXqBkmdpfs/vFSUproiLKYa2bw==",
        "dependencies": {
          "System.Memory": "4.5.3",
          "System.ValueTuple": "4.5.0"
        }
      },
      "Microsoft.NETCore.Platforms": {
        "type": "Transitive",
        "resolved": "1.1.1",
        "contentHash": "TMBuzAHpTenGbGgk0SMTwyEkyijY/Eae4ZGsFNYJvAr/LDn1ku3Etp3FPxChmDp5HHF3kzJuoaa08N0xjqAJfQ=="
      },
      "Microsoft.NETCore.Targets": {
        "type": "Transitive",
        "resolved": "1.1.3",
        "contentHash": "3Wrmi0kJDzClwAC+iBdUBpEKmEle8FQNsCs77fkiOIw/9oYA07bL1EZNX0kQ2OMN3xpwvl0vAtOCYY3ndDNlhQ=="
      },
      "System.Memory": {
        "type": "Transitive",
        "resolved": "4.5.5",
        "contentHash": "XIWiDvKPXaTveaB7HVganDlOCRoj03l+jrwNvcge/t8vhGYKvqV+dMv6G4SAX2NoNmN0wZfVPTAlFwZcZvVOUw=="
      },
      "System.Runtime": {
        "type": "Transitive",
        "resolved": "4.3.1",
        "contentHash": "abhfv1dTK6NXOmu4bgHIONxHyEqFjW8HwXPmpY9gmll+ix9UNo4XDcmzJn6oLooftxNssVHdJC1pGT9jkSynQg==",
        "dependencies": {
          "Microsoft.NETCore.Platforms": "1.1.1",
          "Microsoft.NETCore.Targets": "1.1.3"
        }
      },
      "System.ValueTuple": {
        "type": "Transitive",
        "resolved": "4.5.0",
        "contentHash": "okurQJO6NRE/apDIP23ajJ0hpiNmJ+f0BwOlB/cSqTLQlw5upkf+5+96+iG2Jw40G1fCVCyPz/FhIABUjMR+RQ=="
      }
    }
  }
}